// !$*UTF8*$!
{
	archiveVersion = 1;
	classes = {
	};
	objectVersion = 50;
	objects = {

/* Begin PBXBuildFile section */
		18DCAFE722EA332200D36520 /* AppDelegate.swift in Sources */ = {isa = PBXBuildFile; fileRef = 18DCAFE622EA332200D36520 /* AppDelegate.swift */; };
		18DCAFE922EA332200D36520 /* ViewController.swift in Sources */ = {isa = PBXBuildFile; fileRef = 18DCAFE822EA332200D36520 /* ViewController.swift */; };
		18DCAFEC22EA332200D36520 /* Main.storyboard in Resources */ = {isa = PBXBuildFile; fileRef = 18DCAFEA22EA332200D36520 /* Main.storyboard */; };
		18DCAFEE22EA332300D36520 /* Assets.xcassets in Resources */ = {isa = PBXBuildFile; fileRef = 18DCAFED22EA332300D36520 /* Assets.xcassets */; };
		18DCAFF122EA332300D36520 /* LaunchScreen.storyboard in Resources */ = {isa = PBXBuildFile; fileRef = 18DCAFEF22EA332300D36520 /* LaunchScreen.storyboard */; };
		18DCAFFC22EA332400D36520 /* CRAVEojiTests.swift in Sources */ = {isa = PBXBuildFile; fileRef = 18DCAFFB22EA332400D36520 /* CRAVEojiTests.swift */; };
		18DCB00722EA332400D36520 /* CRAVEojiUITests.swift in Sources */ = {isa = PBXBuildFile; fileRef = 18DCB00622EA332400D36520 /* CRAVEojiUITests.swift */; };
/* End PBXBuildFile section */

/* Begin PBXContainerItemProxy section */
		18DCAFF822EA332400D36520 /* PBXContainerItemProxy */ = {
			isa = PBXContainerItemProxy;
			containerPortal = 18DCAFDB22EA332200D36520 /* Project object */;
			proxyType = 1;
			remoteGlobalIDString = 18DCAFE222EA332200D36520;
			remoteInfo = CRAVEoji;
		};
		18DCB00322EA332400D36520 /* PBXContainerItemProxy */ = {
			isa = PBXContainerItemProxy;
			containerPortal = 18DCAFDB22EA332200D36520 /* Project object */;
			proxyType = 1;
			remoteGlobalIDString = 18DCAFE222EA332200D36520;
			remoteInfo = CRAVEoji;
		};
/* End PBXContainerItemProxy section */

/* Begin PBXFileReference section */
		18DCAFE322EA332200D36520 /* CRAVEoji.app */ = {isa = PBXFileReference; explicitFileType = wrapper.application; includeInIndex = 0; path = CRAVEoji.app; sourceTree = BUILT_PRODUCTS_DIR; };
		18DCAFE622EA332200D36520 /* AppDelegate.swift */ = {isa = PBXFileReference; lastKnownFileType = sourcecode.swift; path = AppDelegate.swift; sourceTree = "<group>"; };
		18DCAFE822EA332200D36520 /* ViewController.swift */ = {isa = PBXFileReference; lastKnownFileType = sourcecode.swift; path = ViewController.swift; sourceTree = "<group>"; };
		18DCAFEB22EA332200D36520 /* Base */ = {isa = PBXFileReference; lastKnownFileType = file.storyboard; name = Base; path = Base.lproj/Main.storyboard; sourceTree = "<group>"; };
		18DCAFED22EA332300D36520 /* Assets.xcassets */ = {isa = PBXFileReference; lastKnownFileType = folder.assetcatalog; path = Assets.xcassets; sourceTree = "<group>"; };
		18DCAFF022EA332300D36520 /* Base */ = {isa = PBXFileReference; lastKnownFileType = file.storyboard; name = Base; path = Base.lproj/LaunchScreen.storyboard; sourceTree = "<group>"; };
		18DCAFF222EA332300D36520 /* Info.plist */ = {isa = PBXFileReference; lastKnownFileType = text.plist.xml; path = Info.plist; sourceTree = "<group>"; };
		18DCAFF722EA332400D36520 /* CRAVEojiTests.xctest */ = {isa = PBXFileReference; explicitFileType = wrapper.cfbundle; includeInIndex = 0; path = CRAVEojiTests.xctest; sourceTree = BUILT_PRODUCTS_DIR; };
		18DCAFFB22EA332400D36520 /* CRAVEojiTests.swift */ = {isa = PBXFileReference; lastKnownFileType = sourcecode.swift; path = CRAVEojiTests.swift; sourceTree = "<group>"; };
		18DCAFFD22EA332400D36520 /* Info.plist */ = {isa = PBXFileReference; lastKnownFileType = text.plist.xml; path = Info.plist; sourceTree = "<group>"; };
		18DCB00222EA332400D36520 /* CRAVEojiUITests.xctest */ = {isa = PBXFileReference; explicitFileType = wrapper.cfbundle; includeInIndex = 0; path = CRAVEojiUITests.xctest; sourceTree = BUILT_PRODUCTS_DIR; };
		18DCB00622EA332400D36520 /* CRAVEojiUITests.swift */ = {isa = PBXFileReference; lastKnownFileType = sourcecode.swift; path = CRAVEojiUITests.swift; sourceTree = "<group>"; };
		18DCB00822EA332400D36520 /* Info.plist */ = {isa = PBXFileReference; lastKnownFileType = text.plist.xml; path = Info.plist; sourceTree = "<group>"; };
/* End PBXFileReference section */

/* Begin PBXFrameworksBuildPhase section */
		18DCAFE022EA332200D36520 /* Frameworks */ = {
			isa = PBXFrameworksBuildPhase;
			buildActionMask = 2147483647;
			files = (
			);
			runOnlyForDeploymentPostprocessing = 0;
		};
		18DCAFF422EA332400D36520 /* Frameworks */ = {
			isa = PBXFrameworksBuildPhase;
			buildActionMask = 2147483647;
			files = (
			);
			runOnlyForDeploymentPostprocessing = 0;
		};
		18DCAFFF22EA332400D36520 /* Frameworks */ = {
			isa = PBXFrameworksBuildPhase;
			buildActionMask = 2147483647;
			files = (
			);
			runOnlyForDeploymentPostprocessing = 0;
		};
/* End PBXFrameworksBuildPhase section */

/* Begin PBXGroup section */
		18DCAFDA22EA332200D36520 = {
			isa = PBXGroup;
			children = (
				18DCAFE522EA332200D36520 /* CRAVEoji */,
				18DCAFFA22EA332400D36520 /* CRAVEojiTests */,
				18DCB00522EA332400D36520 /* CRAVEojiUITests */,
				18DCAFE422EA332200D36520 /* Products */,
			);
			sourceTree = "<group>";
		};
		18DCAFE422EA332200D36520 /* Products */ = {
			isa = PBXGroup;
			children = (
				18DCAFE322EA332200D36520 /* CRAVEoji.app */,
				18DCAFF722EA332400D36520 /* CRAVEojiTests.xctest */,
				18DCB00222EA332400D36520 /* CRAVEojiUITests.xctest */,
			);
			name = Products;
			sourceTree = "<group>";
		};
		18DCAFE522EA332200D36520 /* CRAVEoji */ = {
			isa = PBXGroup;
			children = (
				18DCAFE622EA332200D36520 /* AppDelegate.swift */,
				18DCAFE822EA332200D36520 /* ViewController.swift */,
				18DCAFEA22EA332200D36520 /* Main.storyboard */,
				18DCAFED22EA332300D36520 /* Assets.xcassets */,
				18DCAFEF22EA332300D36520 /* LaunchScreen.storyboard */,
				18DCAFF222EA332300D36520 /* Info.plist */,
			);
			path = CRAVEoji;
			sourceTree = "<group>";
		};
		18DCAFFA22EA332400D36520 /* CRAVEojiTests */ = {
			isa = PBXGroup;
			children = (
				18DCAFFB22EA332400D36520 /* CRAVEojiTests.swift */,
				18DCAFFD22EA332400D36520 /* Info.plist */,
			);
			path = CRAVEojiTests;
			sourceTree = "<group>";
		};
		18DCB00522EA332400D36520 /* CRAVEojiUITests */ = {
			isa = PBXGroup;
			children = (
				18DCB00622EA332400D36520 /* CRAVEojiUITests.swift */,
				18DCB00822EA332400D36520 /* Info.plist */,
			);
			path = CRAVEojiUITests;
			sourceTree = "<group>";
		};
/* End PBXGroup section */

/* Begin PBXNativeTarget section */
		18DCAFE222EA332200D36520 /* CRAVEoji */ = {
			isa = PBXNativeTarget;
			buildConfigurationList = 18DCB00B22EA332400D36520 /* Build configuration list for PBXNativeTarget "CRAVEoji" */;
			buildPhases = (
				18DCAFDF22EA332200D36520 /* Sources */,
				18DCAFE022EA332200D36520 /* Frameworks */,
				18DCAFE122EA332200D36520 /* Resources */,
			);
			buildRules = (
			);
			dependencies = (
			);
			name = CRAVEoji;
			productName = CRAVEoji;
			productReference = 18DCAFE322EA332200D36520 /* CRAVEoji.app */;
			productType = "com.apple.product-type.application";
		};
		18DCAFF622EA332400D36520 /* CRAVEojiTests */ = {
			isa = PBXNativeTarget;
			buildConfigurationList = 18DCB00E22EA332400D36520 /* Build configuration list for PBXNativeTarget "CRAVEojiTests" */;
			buildPhases = (
				18DCAFF322EA332400D36520 /* Sources */,
				18DCAFF422EA332400D36520 /* Frameworks */,
				18DCAFF522EA332400D36520 /* Resources */,
			);
			buildRules = (
			);
			dependencies = (
				18DCAFF922EA332400D36520 /* PBXTargetDependency */,
			);
			name = CRAVEojiTests;
			productName = CRAVEojiTests;
			productReference = 18DCAFF722EA332400D36520 /* CRAVEojiTests.xctest */;
			productType = "com.apple.product-type.bundle.unit-test";
		};
		18DCB00122EA332400D36520 /* CRAVEojiUITests */ = {
			isa = PBXNativeTarget;
			buildConfigurationList = 18DCB01122EA332400D36520 /* Build configuration list for PBXNativeTarget "CRAVEojiUITests" */;
			buildPhases = (
				18DCAFFE22EA332400D36520 /* Sources */,
				18DCAFFF22EA332400D36520 /* Frameworks */,
				18DCB00022EA332400D36520 /* Resources */,
			);
			buildRules = (
			);
			dependencies = (
				18DCB00422EA332400D36520 /* PBXTargetDependency */,
			);
			name = CRAVEojiUITests;
			productName = CRAVEojiUITests;
			productReference = 18DCB00222EA332400D36520 /* CRAVEojiUITests.xctest */;
			productType = "com.apple.product-type.bundle.ui-testing";
		};
/* End PBXNativeTarget section */

/* Begin PBXProject section */
		18DCAFDB22EA332200D36520 /* Project object */ = {
			isa = PBXProject;
			attributes = {
				LastSwiftUpdateCheck = 1020;
				LastUpgradeCheck = 1020;
				ORGANIZATIONNAME = Apple;
				TargetAttributes = {
					18DCAFE222EA332200D36520 = {
						CreatedOnToolsVersion = 10.2.1;
					};
					18DCAFF622EA332400D36520 = {
						CreatedOnToolsVersion = 10.2.1;
						TestTargetID = 18DCAFE222EA332200D36520;
					};
					18DCB00122EA332400D36520 = {
						CreatedOnToolsVersion = 10.2.1;
						TestTargetID = 18DCAFE222EA332200D36520;
					};
				};
			};
			buildConfigurationList = 18DCAFDE22EA332200D36520 /* Build configuration list for PBXProject "CRAVEoji" */;
			compatibilityVersion = "Xcode 9.3";
			developmentRegion = en;
			hasScannedForEncodings = 0;
			knownRegions = (
				en,
				Base,
			);
			mainGroup = 18DCAFDA22EA332200D36520;
			productRefGroup = 18DCAFE422EA332200D36520 /* Products */;
			projectDirPath = "";
			projectRoot = "";
			targets = (
				18DCAFE222EA332200D36520 /* CRAVEoji */,
				18DCAFF622EA332400D36520 /* CRAVEojiTests */,
				18DCB00122EA332400D36520 /* CRAVEojiUITests */,
			);
		};
/* End PBXProject section */

/* Begin PBXResourcesBuildPhase section */
		18DCAFE122EA332200D36520 /* Resources */ = {
			isa = PBXResourcesBuildPhase;
			buildActionMask = 2147483647;
			files = (
				18DCAFF122EA332300D36520 /* LaunchScreen.storyboard in Resources */,
				18DCAFEE22EA332300D36520 /* Assets.xcassets in Resources */,
				18DCAFEC22EA332200D36520 /* Main.storyboard in Resources */,
			);
			runOnlyForDeploymentPostprocessing = 0;
		};
		18DCAFF522EA332400D36520 /* Resources */ = {
			isa = PBXResourcesBuildPhase;
			buildActionMask = 2147483647;
			files = (
			);
			runOnlyForDeploymentPostprocessing = 0;
		};
		18DCB00022EA332400D36520 /* Resources */ = {
			isa = PBXResourcesBuildPhase;
			buildActionMask = 2147483647;
			files = (
			);
			runOnlyForDeploymentPostprocessing = 0;
		};
/* End PBXResourcesBuildPhase section */

/* Begin PBXSourcesBuildPhase section */
		18DCAFDF22EA332200D36520 /* Sources */ = {
			isa = PBXSourcesBuildPhase;
			buildActionMask = 2147483647;
			files = (
				18DCAFE922EA332200D36520 /* ViewController.swift in Sources */,
				18DCAFE722EA332200D36520 /* AppDelegate.swift in Sources */,
			);
			runOnlyForDeploymentPostprocessing = 0;
		};
		18DCAFF322EA332400D36520 /* Sources */ = {
			isa = PBXSourcesBuildPhase;
			buildActionMask = 2147483647;
			files = (
				18DCAFFC22EA332400D36520 /* CRAVEojiTests.swift in Sources */,
			);
			runOnlyForDeploymentPostprocessing = 0;
		};
		18DCAFFE22EA332400D36520 /* Sources */ = {
			isa = PBXSourcesBuildPhase;
			buildActionMask = 2147483647;
			files = (
				18DCB00722EA332400D36520 /* CRAVEojiUITests.swift in Sources */,
			);
			runOnlyForDeploymentPostprocessing = 0;
		};
/* End PBXSourcesBuildPhase section */

/* Begin PBXTargetDependency section */
		18DCAFF922EA332400D36520 /* PBXTargetDependency */ = {
			isa = PBXTargetDependency;
			target = 18DCAFE222EA332200D36520 /* CRAVEoji */;
			targetProxy = 18DCAFF822EA332400D36520 /* PBXContainerItemProxy */;
		};
		18DCB00422EA332400D36520 /* PBXTargetDependency */ = {
			isa = PBXTargetDependency;
			target = 18DCAFE222EA332200D36520 /* CRAVEoji */;
			targetProxy = 18DCB00322EA332400D36520 /* PBXContainerItemProxy */;
		};
/* End PBXTargetDependency section */

/* Begin PBXVariantGroup section */
		18DCAFEA22EA332200D36520 /* Main.storyboard */ = {
			isa = PBXVariantGroup;
			children = (
				18DCAFEB22EA332200D36520 /* Base */,
			);
			name = Main.storyboard;
			sourceTree = "<group>";
		};
		18DCAFEF22EA332300D36520 /* LaunchScreen.storyboard */ = {
			isa = PBXVariantGroup;
			children = (
				18DCAFF022EA332300D36520 /* Base */,
			);
			name = LaunchScreen.storyboard;
			sourceTree = "<group>";
		};
/* End PBXVariantGroup section */

/* Begin XCBuildConfiguration section */
		18DCB00922EA332400D36520 /* Debug */ = {
			isa = XCBuildConfiguration;
			buildSettings = {
				ALWAYS_SEARCH_USER_PATHS = NO;
				CLANG_ANALYZER_NONNULL = YES;
				CLANG_ANALYZER_NUMBER_OBJECT_CONVERSION = YES_AGGRESSIVE;
				CLANG_CXX_LANGUAGE_STANDARD = "gnu++14";
				CLANG_CXX_LIBRARY = "libc++";
				CLANG_ENABLE_MODULES = YES;
				CLANG_ENABLE_OBJC_ARC = YES;
				CLANG_ENABLE_OBJC_WEAK = YES;
				CLANG_WARN_BLOCK_CAPTURE_AUTORELEASING = YES;
				CLANG_WARN_BOOL_CONVERSION = YES;
				CLANG_WARN_COMMA = YES;
				CLANG_WARN_CONSTANT_CONVERSION = YES;
				CLANG_WARN_DEPRECATED_OBJC_IMPLEMENTATIONS = YES;
				CLANG_WARN_DIRECT_OBJC_ISA_USAGE = YES_ERROR;
				CLANG_WARN_DOCUMENTATION_COMMENTS = YES;
				CLANG_WARN_EMPTY_BODY = YES;
				CLANG_WARN_ENUM_CONVERSION = YES;
				CLANG_WARN_INFINITE_RECURSION = YES;
				CLANG_WARN_INT_CONVERSION = YES;
				CLANG_WARN_NON_LITERAL_NULL_CONVERSION = YES;
				CLANG_WARN_OBJC_IMPLICIT_RETAIN_SELF = YES;
				CLANG_WARN_OBJC_LITERAL_CONVERSION = YES;
				CLANG_WARN_OBJC_ROOT_CLASS = YES_ERROR;
				CLANG_WARN_RANGE_LOOP_ANALYSIS = YES;
				CLANG_WARN_STRICT_PROTOTYPES = YES;
				CLANG_WARN_SUSPICIOUS_MOVE = YES;
				CLANG_WARN_UNGUARDED_AVAILABILITY = YES_AGGRESSIVE;
				CLANG_WARN_UNREACHABLE_CODE = YES;
				CLANG_WARN__DUPLICATE_METHOD_MATCH = YES;
				CODE_SIGN_IDENTITY = "iPhone Developer";
				COPY_PHASE_STRIP = NO;
				DEBUG_INFORMATION_FORMAT = dwarf;
				ENABLE_STRICT_OBJC_MSGSEND = YES;
				ENABLE_TESTABILITY = YES;
				GCC_C_LANGUAGE_STANDARD = gnu11;
				GCC_DYNAMIC_NO_PIC = NO;
				GCC_NO_COMMON_BLOCKS = YES;
				GCC_OPTIMIZATION_LEVEL = 0;
				GCC_PREPROCESSOR_DEFINITIONS = (
					"DEBUG=1",
					"$(inherited)",
				);
				GCC_WARN_64_TO_32_BIT_CONVERSION = YES;
				GCC_WARN_ABOUT_RETURN_TYPE = YES_ERROR;
				GCC_WARN_UNDECLARED_SELECTOR = YES;
				GCC_WARN_UNINITIALIZED_AUTOS = YES_AGGRESSIVE;
				GCC_WARN_UNUSED_FUNCTION = YES;
				GCC_WARN_UNUSED_VARIABLE = YES;
				IPHONEOS_DEPLOYMENT_TARGET = 12.2;
				MTL_ENABLE_DEBUG_INFO = INCLUDE_SOURCE;
				MTL_FAST_MATH = YES;
				ONLY_ACTIVE_ARCH = YES;
				SDKROOT = iphoneos;
				SWIFT_ACTIVE_COMPILATION_CONDITIONS = DEBUG;
				SWIFT_OPTIMIZATION_LEVEL = "-Onone";
			};
			name = Debug;
		};
		18DCB00A22EA332400D36520 /* Release */ = {
			isa = XCBuildConfiguration;
			buildSettings = {
				ALWAYS_SEARCH_USER_PATHS = NO;
				CLANG_ANALYZER_NONNULL = YES;
				CLANG_ANALYZER_NUMBER_OBJECT_CONVERSION = YES_AGGRESSIVE;
				CLANG_CXX_LANGUAGE_STANDARD = "gnu++14";
				CLANG_CXX_LIBRARY = "libc++";
				CLANG_ENABLE_MODULES = YES;
				CLANG_ENABLE_OBJC_ARC = YES;
				CLANG_ENABLE_OBJC_WEAK = YES;
				CLANG_WARN_BLOCK_CAPTURE_AUTORELEASING = YES;
				CLANG_WARN_BOOL_CONVERSION = YES;
				CLANG_WARN_COMMA = YES;
				CLANG_WARN_CONSTANT_CONVERSION = YES;
				CLANG_WARN_DEPRECATED_OBJC_IMPLEMENTATIONS = YES;
				CLANG_WARN_DIRECT_OBJC_ISA_USAGE = YES_ERROR;
				CLANG_WARN_DOCUMENTATION_COMMENTS = YES;
				CLANG_WARN_EMPTY_BODY = YES;
				CLANG_WARN_ENUM_CONVERSION = YES;
				CLANG_WARN_INFINITE_RECURSION = YES;
				CLANG_WARN_INT_CONVERSION = YES;
				CLANG_WARN_NON_LITERAL_NULL_CONVERSION = YES;
				CLANG_WARN_OBJC_IMPLICIT_RETAIN_SELF = YES;
				CLANG_WARN_OBJC_LITERAL_CONVERSION = YES;
				CLANG_WARN_OBJC_ROOT_CLASS = YES_ERROR;
				CLANG_WARN_RANGE_LOOP_ANALYSIS = YES;
				CLANG_WARN_STRICT_PROTOTYPES = YES;
				CLANG_WARN_SUSPICIOUS_MOVE = YES;
				CLANG_WARN_UNGUARDED_AVAILABILITY = YES_AGGRESSIVE;
				CLANG_WARN_UNREACHABLE_CODE = YES;
				CLANG_WARN__DUPLICATE_METHOD_MATCH = YES;
				CODE_SIGN_IDENTITY = "iPhone Developer";
				COPY_PHASE_STRIP = NO;
				DEBUG_INFORMATION_FORMAT = "dwarf-with-dsym";
				ENABLE_NS_ASSERTIONS = NO;
				ENABLE_STRICT_OBJC_MSGSEND = YES;
				GCC_C_LANGUAGE_STANDARD = gnu11;
				GCC_NO_COMMON_BLOCKS = YES;
				GCC_WARN_64_TO_32_BIT_CONVERSION = YES;
				GCC_WARN_ABOUT_RETURN_TYPE = YES_ERROR;
				GCC_WARN_UNDECLARED_SELECTOR = YES;
				GCC_WARN_UNINITIALIZED_AUTOS = YES_AGGRESSIVE;
				GCC_WARN_UNUSED_FUNCTION = YES;
				GCC_WARN_UNUSED_VARIABLE = YES;
				IPHONEOS_DEPLOYMENT_TARGET = 12.2;
				MTL_ENABLE_DEBUG_INFO = NO;
				MTL_FAST_MATH = YES;
				SDKROOT = iphoneos;
				SWIFT_COMPILATION_MODE = wholemodule;
				SWIFT_OPTIMIZATION_LEVEL = "-O";
				VALIDATE_PRODUCT = YES;
			};
			name = Release;
		};
		18DCB00C22EA332400D36520 /* Debug */ = {
			isa = XCBuildConfiguration;
			buildSettings = {
				ASSETCATALOG_COMPILER_APPICON_NAME = AppIcon;
				CODE_SIGN_STYLE = Automatic;
				INFOPLIST_FILE = CRAVEoji/Info.plist;
				LD_RUNPATH_SEARCH_PATHS = (
					"$(inherited)",
					"@executable_path/Frameworks",
				);
				PRODUCT_BUNDLE_IDENTIFIER = Daya.CRAVEoji;
				PRODUCT_NAME = "$(TARGET_NAME)";
				SWIFT_VERSION = 5.0;
				TARGETED_DEVICE_FAMILY = "1,2";
			};
			name = Debug;
		};
		18DCB00D22EA332400D36520 /* Release */ = {
			isa = XCBuildConfiguration;
			buildSettings = {
				ASSETCATALOG_COMPILER_APPICON_NAME = AppIcon;
				CODE_SIGN_STYLE = Automatic;
				INFOPLIST_FILE = CRAVEoji/Info.plist;
				LD_RUNPATH_SEARCH_PATHS = (
					"$(inherited)",
					"@executable_path/Frameworks",
				);
				PRODUCT_BUNDLE_IDENTIFIER = Daya.CRAVEoji;
				PRODUCT_NAME = "$(TARGET_NAME)";
				SWIFT_VERSION = 5.0;
				TARGETED_DEVICE_FAMILY = "1,2";
			};
			name = Release;
		};
		18DCB00F22EA332400D36520 /* Debug */ = {
			isa = XCBuildConfiguration;
			buildSettings = {
				ALWAYS_EMBED_SWIFT_STANDARD_LIBRARIES = YES;
				BUNDLE_LOADER = "$(TEST_HOST)";
				CODE_SIGN_STYLE = Automatic;
				INFOPLIST_FILE = CRAVEojiTests/Info.plist;
				LD_RUNPATH_SEARCH_PATHS = (
					"$(inherited)",
					"@executable_path/Frameworks",
					"@loader_path/Frameworks",
				);
				PRODUCT_BUNDLE_IDENTIFIER = Daya.CRAVEojiTests;
				PRODUCT_NAME = "$(TARGET_NAME)";
				SWIFT_VERSION = 5.0;
				TARGETED_DEVICE_FAMILY = "1,2";
				TEST_HOST = "$(BUILT_PRODUCTS_DIR)/CRAVEoji.app/CRAVEoji";
			};
			name = Debug;
		};
		18DCB01022EA332400D36520 /* Release */ = {
			isa = XCBuildConfiguration;
			buildSettings = {
				ALWAYS_EMBED_SWIFT_STANDARD_LIBRARIES = YES;
				BUNDLE_LOADER = "$(TEST_HOST)";
				CODE_SIGN_STYLE = Automatic;
				INFOPLIST_FILE = CRAVEojiTests/Info.plist;
				LD_RUNPATH_SEARCH_PATHS = (
					"$(inherited)",
					"@executable_path/Frameworks",
					"@loader_path/Frameworks",
				);
				PRODUCT_BUNDLE_IDENTIFIER = Daya.CRAVEojiTests;
				PRODUCT_NAME = "$(TARGET_NAME)";
				SWIFT_VERSION = 5.0;
				TARGETED_DEVICE_FAMILY = "1,2";
				TEST_HOST = "$(BUILT_PRODUCTS_DIR)/CRAVEoji.app/CRAVEoji";
			};
			name = Release;
		};
		18DCB01222EA332400D36520 /* Debug */ = {
			isa = XCBuildConfiguration;
			buildSettings = {
				ALWAYS_EMBED_SWIFT_STANDARD_LIBRARIES = YES;
				CODE_SIGN_STYLE = Automatic;
				INFOPLIST_FILE = CRAVEojiUITests/Info.plist;
				LD_RUNPATH_SEARCH_PATHS = (
					"$(inherited)",
					"@executable_path/Frameworks",
					"@loader_path/Frameworks",
				);
				PRODUCT_BUNDLE_IDENTIFIER = Daya.CRAVEojiUITests;
				PRODUCT_NAME = "$(TARGET_NAME)";
				SWIFT_VERSION = 5.0;
				TARGETED_DEVICE_FAMILY = "1,2";
				TEST_TARGET_NAME = CRAVEoji;
			};
			name = Debug;
		};
		18DCB01322EA332400D36520 /* Release */ = {
			isa = XCBuildConfiguration;
			buildSettings = {
				ALWAYS_EMBED_SWIFT_STANDARD_LIBRARIES = YES;
				CODE_SIGN_STYLE = Automatic;
				INFOPLIST_FILE = CRAVEojiUITests/Info.plist;
				LD_RUNPATH_SEARCH_PATHS = (
					"$(inherited)",
					"@executable_path/Frameworks",
					"@loader_path/Frameworks",
				);
				PRODUCT_BUNDLE_IDENTIFIER = Daya.CRAVEojiUITests;
				PRODUCT_NAME = "$(TARGET_NAME)";
				SWIFT_VERSION = 5.0;
				TARGETED_DEVICE_FAMILY = "1,2";
				TEST_TARGET_NAME = CRAVEoji;
			};
			name = Release;
		};
/* End XCBuildConfiguration section */

/* Begin XCConfigurationList section */
		18DCAFDE22EA332200D36520 /* Build configuration list for PBXProject "CRAVEoji" */ = {
			isa = XCConfigurationList;
			buildConfigurations = (
				18DCB00922EA332400D36520 /* Debug */,
				18DCB00A22EA332400D36520 /* Release */,
			);
			defaultConfigurationIsVisible = 0;
			defaultConfigurationName = Release;
		};
		18DCB00B22EA332400D36520 /* Build configuration list for PBXNativeTarget "CRAVEoji" */ = {
			isa = XCConfigurationList;
			buildConfigurations = (
				18DCB00C22EA332400D36520 /* Debug */,
				18DCB00D22EA332400D36520 /* Release */,
			);
			defaultConfigurationIsVisible = 0;
			defaultConfigurationName = Release;
		};
		18DCB00E22EA332400D36520 /* Build configuration list for PBXNativeTarget "CRAVEojiTests" */ = {
			isa = XCConfigurationList;
			buildConfigurations = (
				18DCB00F22EA332400D36520 /* Debug */,
				18DCB01022EA332400D36520 /* Release */,
			);
			defaultConfigurationIsVisible = 0;
			defaultConfigurationName = Release;
		};
		18DCB01122EA332400D36520 /* Build configuration list for PBXNativeTarget "CRAVEojiUITests" */ = {
			isa = XCConfigurationList;
			buildConfigurations = (
				18DCB01222EA332400D36520 /* Debug */,
				18DCB01322EA332400D36520 /* Release */,
			);
			defaultConfigurationIsVisible = 0;
			defaultConfigurationName = Release;
		};
/* End XCConfigurationList section */
	};
	rootObject = 18DCAFDB22EA332200D36520 /* Project object */;
}
